
Microsoft Visual Studio Solution File, Format Version 12.00
# Visual Studio Version 17
VisualStudioVersion = 17.5.33502.453
MinimumVisualStudioVersion = 10.0.40219.1
Project("{9A19103F-16F7-4668-BE54-9A1E7A4F7556}") = "Identity", "WebApplication11\Identity.csproj", "{7E35DA6D-CD38-4BDA-961A-3D28F2A93559}"
EndProject
Global
	GlobalSection(SolutionConfigurationPlatforms) = preSolution
		Debug|Any CPU = Debug|Any CPU
		Release|Any CPU = Release|Any CPU
	EndGlobalSection
	GlobalSection(ProjectConfigurationPlatforms) = postSolution
		{7E35DA6D-CD38-4BDA-961A-3D28F2A93559}.Debug|Any CPU.ActiveCfg = Debug|Any CPU
		{7E35DA6D-CD38-4BDA-961A-3D28F2A93559}.Debug|Any CPU.Build.0 = Debug|Any CPU
		{7E35DA6D-CD38-4BDA-961A-3D28F2A93559}.Release|Any CPU.ActiveCfg = Release|Any CPU
		{7E35DA6D-CD38-4BDA-961A-3D28F2A93559}.Release|Any CPU.Build.0 = Release|Any CPU
	EndGlobalSection
	GlobalSection(SolutionProperties) = preSolution
		HideSolutionNode = FALSE
	EndGlobalSection
	GlobalSection(ExtensibilityGlobals) = postSolution
		SolutionGuid = {602979C3-4E3F-4E88-AE04-7FA5A961DF7A}
	EndGlobalSection
EndGlobal
